
Microsoft Visual Studio Solution File, Format Version 12.00
# Visual Studio Version 17
VisualStudioVersion = 17.2.32616.157
MinimumVisualStudioVersion = 10.0.40219.1
Project("{FAE04EC0-301F-11D3-BF4B-00C04F79EFBC}") = "EstudosDeOO", "EstudosDeOO\EstudosDeOO.csproj", "{320F07AE-6DB0-43F7-AC63-8F0B5C43104C}"
EndProject
Global
	GlobalSection(SolutionConfigurationPlatforms) = preSolution
		Debug|Any CPU = Debug|Any CPU
		Release|Any CPU = Release|Any CPU
	EndGlobalSection
	GlobalSection(ProjectConfigurationPlatforms) = postSolution
		{320F07AE-6DB0-43F7-AC63-8F0B5C43104C}.Debug|Any CPU.ActiveCfg = Debug|Any CPU
		{320F07AE-6DB0-43F7-AC63-8F0B5C43104C}.Debug|Any CPU.Build.0 = Debug|Any CPU
		{320F07AE-6DB0-43F7-AC63-8F0B5C43104C}.Release|Any CPU.ActiveCfg = Release|Any CPU
		{320F07AE-6DB0-43F7-AC63-8F0B5C43104C}.Release|Any CPU.Build.0 = Release|Any CPU
	EndGlobalSection
	GlobalSection(SolutionProperties) = preSolution
		HideSolutionNode = FALSE
	EndGlobalSection
	GlobalSection(ExtensibilityGlobals) = postSolution
		SolutionGuid = {00CD5665-0C14-4DC6-9536-AA9E4F85B071}
	EndGlobalSection
EndGlobal
